
Microsoft Visual Studio Solution File, Format Version 12.00
# Visual Studio Version 17
VisualStudioVersion = 17.9.34728.123
MinimumVisualStudioVersion = 10.0.40219.1
Project("{9A19103F-16F7-4668-BE54-9A1E7A4F7556}") = "EmployeeApp", "EmployeeApp.csproj", "{A5720062-A200-48D2-98A4-A88518A624CC}"
EndProject
Project("{FAE04EC0-301F-11D3-BF4B-00C04F79EFBC}") = "UnitTestsProject", "..\UnitTestsProject\UnitTestsProject.csproj", "{7583F90E-0E8F-40D1-B3B8-3050E2312426}"
EndProject
Global
	GlobalSection(SolutionConfigurationPlatforms) = preSolution
		Debug|Any CPU = Debug|Any CPU
		Release|Any CPU = Release|Any CPU
	EndGlobalSection
	GlobalSection(ProjectConfigurationPlatforms) = postSolution
		{A5720062-A200-48D2-98A4-A88518A624CC}.Debug|Any CPU.ActiveCfg = Debug|Any CPU
		{A5720062-A200-48D2-98A4-A88518A624CC}.Debug|Any CPU.Build.0 = Debug|Any CPU
		{A5720062-A200-48D2-98A4-A88518A624CC}.Release|Any CPU.ActiveCfg = Release|Any CPU
		{A5720062-A200-48D2-98A4-A88518A624CC}.Release|Any CPU.Build.0 = Release|Any CPU
		{7583F90E-0E8F-40D1-B3B8-3050E2312426}.Debug|Any CPU.ActiveCfg = Debug|Any CPU
		{7583F90E-0E8F-40D1-B3B8-3050E2312426}.Debug|Any CPU.Build.0 = Debug|Any CPU
		{7583F90E-0E8F-40D1-B3B8-3050E2312426}.Release|Any CPU.ActiveCfg = Release|Any CPU
		{7583F90E-0E8F-40D1-B3B8-3050E2312426}.Release|Any CPU.Build.0 = Release|Any CPU
	EndGlobalSection
	GlobalSection(SolutionProperties) = preSolution
		HideSolutionNode = FALSE
	EndGlobalSection
	GlobalSection(ExtensibilityGlobals) = postSolution
		SolutionGuid = {B1E85202-A9C5-4738-BF66-E82598121E9C}
	EndGlobalSection
EndGlobal
